
Microsoft Visual Studio Solution File, Format Version 12.00
# Visual Studio 2012
Project("{FAE04EC0-301F-11D3-BF4B-00C04F79EFBC}") = "Durandal_One", "Durandal_One\Durandal_One.csproj", "{92245D3B-3063-4788-9936-8B7A521AC7AF}"
EndProject
Global
	GlobalSection(SolutionConfigurationPlatforms) = preSolution
		Debug|Any CPU = Debug|Any CPU
		Release|Any CPU = Release|Any CPU
	EndGlobalSection
	GlobalSection(ProjectConfigurationPlatforms) = postSolution
		{92245D3B-3063-4788-9936-8B7A521AC7AF}.Debug|Any CPU.ActiveCfg = Debug|Any CPU
		{92245D3B-3063-4788-9936-8B7A521AC7AF}.Debug|Any CPU.Build.0 = Debug|Any CPU
		{92245D3B-3063-4788-9936-8B7A521AC7AF}.Release|Any CPU.ActiveCfg = Release|Any CPU
		{92245D3B-3063-4788-9936-8B7A521AC7AF}.Release|Any CPU.Build.0 = Release|Any CPU
	EndGlobalSection
	GlobalSection(SolutionProperties) = preSolution
		HideSolutionNode = FALSE
	EndGlobalSection
EndGlobal
